
Microsoft Visual Studio Solution File, Format Version 11.00
# Visual Studio 2010
Project("{FAE04EC0-301F-11D3-BF4B-00C04F79EFBC}") = "KBS.KBS.CMSV3.INTERFACE.DATAMODEL", "KBS.KBS.CMSV3.INTERFACE.DATAMODEL\KBS.KBS.CMSV3.INTERFACE.DATAMODEL.csproj", "{0C961FB3-753B-46D4-A728-B86C0A9A9D5D}"
EndProject
Project("{FAE04EC0-301F-11D3-BF4B-00C04F79EFBC}") = "KBS.KBS.CMSV3.INTERFACE.FUNCTION", "KBS.KBS.CMSV3.INTERFACE.FUNCTION\KBS.KBS.CMSV3.INTERFACE.FUNCTION.csproj", "{E973C9A3-0DA8-414A-A8DF-80CEB09A9D6E}"
EndProject
Project("{FAE04EC0-301F-11D3-BF4B-00C04F79EFBC}") = "KBS.KBS.CMSV3.INTERFACE.SERVICES.MASTER", "KBS.KBS.CMSV3.INTERFACE.SERVICES\KBS.KBS.CMSV3.INTERFACE.SERVICES.MASTER.csproj", "{85326AD0-78BC-4E9A-90E9-1651EEFC3023}"
EndProject
Project("{54435603-DBB4-11D2-8724-00A0C9A8B90C}") = "KBS.KBS.CMSV3.INTERFACE.SetupService.Master", "KBS.KBS.CMSV3.INTERFACE.SetupService\KBS.KBS.CMSV3.INTERFACE.SetupService.vdproj", "{60EEBEEA-36C5-49D9-A843-535045CCCA37}"
EndProject
Project("{FAE04EC0-301F-11D3-BF4B-00C04F79EFBC}") = "KBS.KBS.CMSV3.INTERFACE.UNITTEST", "KBS.KBS.CMSV3.INTERFACE.UNITTEST\KBS.KBS.CMSV3.INTERFACE.UNITTEST.csproj", "{66F5469A-B398-4051-ABF0-1AC07239CB8A}"
EndProject
Project("{FAE04EC0-301F-11D3-BF4B-00C04F79EFBC}") = "Test", "Test\Test.csproj", "{02E7C39D-C195-452B-AA1D-B3324816F64A}"
EndProject
Project("{FAE04EC0-301F-11D3-BF4B-00C04F79EFBC}") = "KBS.KBS.CMSV3.INTERFACE.SERVICES.TRANS", "KBS.KBS.CMSV3.INTERFACE.SERVICES.TRANS\KBS.KBS.CMSV3.INTERFACE.SERVICES.TRANS.csproj", "{AB680501-AC20-44FE-9B3B-E0C5DBFFEEDE}"
EndProject
Project("{54435603-DBB4-11D2-8724-00A0C9A8B90C}") = "KBS.KBS.CMSV3.INTERFACE.SetupService.Trans", "KBS.KBS.CMSV3.INTERFACE.SetupService.Trans\KBS.KBS.CMSV3.INTERFACE.SetupService.Trans.vdproj", "{80182675-EDA0-4CDF-B162-390690BAA88E}"
EndProject
Global
	GlobalSection(SolutionConfigurationPlatforms) = preSolution
		Debug|Any CPU = Debug|Any CPU
		Debug|Mixed Platforms = Debug|Mixed Platforms
		Debug|x86 = Debug|x86
		Release|Any CPU = Release|Any CPU
		Release|Mixed Platforms = Release|Mixed Platforms
		Release|x86 = Release|x86
	EndGlobalSection
	GlobalSection(ProjectConfigurationPlatforms) = postSolution
		{0C961FB3-753B-46D4-A728-B86C0A9A9D5D}.Debug|Any CPU.ActiveCfg = Debug|Any CPU
		{0C961FB3-753B-46D4-A728-B86C0A9A9D5D}.Debug|Any CPU.Build.0 = Debug|Any CPU
		{0C961FB3-753B-46D4-A728-B86C0A9A9D5D}.Debug|Mixed Platforms.ActiveCfg = Debug|Any CPU
		{0C961FB3-753B-46D4-A728-B86C0A9A9D5D}.Debug|Mixed Platforms.Build.0 = Debug|Any CPU
		{0C961FB3-753B-46D4-A728-B86C0A9A9D5D}.Debug|x86.ActiveCfg = Debug|Any CPU
		{0C961FB3-753B-46D4-A728-B86C0A9A9D5D}.Release|Any CPU.ActiveCfg = Release|Any CPU
		{0C961FB3-753B-46D4-A728-B86C0A9A9D5D}.Release|Any CPU.Build.0 = Release|Any CPU
		{0C961FB3-753B-46D4-A728-B86C0A9A9D5D}.Release|Mixed Platforms.ActiveCfg = Release|Any CPU
		{0C961FB3-753B-46D4-A728-B86C0A9A9D5D}.Release|Mixed Platforms.Build.0 = Release|Any CPU
		{0C961FB3-753B-46D4-A728-B86C0A9A9D5D}.Release|x86.ActiveCfg = Release|Any CPU
		{E973C9A3-0DA8-414A-A8DF-80CEB09A9D6E}.Debug|Any CPU.ActiveCfg = Debug|Any CPU
		{E973C9A3-0DA8-414A-A8DF-80CEB09A9D6E}.Debug|Any CPU.Build.0 = Debug|Any CPU
		{E973C9A3-0DA8-414A-A8DF-80CEB09A9D6E}.Debug|Mixed Platforms.ActiveCfg = Debug|Any CPU
		{E973C9A3-0DA8-414A-A8DF-80CEB09A9D6E}.Debug|Mixed Platforms.Build.0 = Debug|Any CPU
		{E973C9A3-0DA8-414A-A8DF-80CEB09A9D6E}.Debug|x86.ActiveCfg = Debug|Any CPU
		{E973C9A3-0DA8-414A-A8DF-80CEB09A9D6E}.Release|Any CPU.ActiveCfg = Release|Any CPU
		{E973C9A3-0DA8-414A-A8DF-80CEB09A9D6E}.Release|Any CPU.Build.0 = Release|Any CPU
		{E973C9A3-0DA8-414A-A8DF-80CEB09A9D6E}.Release|Mixed Platforms.ActiveCfg = Release|Any CPU
		{E973C9A3-0DA8-414A-A8DF-80CEB09A9D6E}.Release|Mixed Platforms.Build.0 = Release|Any CPU
		{E973C9A3-0DA8-414A-A8DF-80CEB09A9D6E}.Release|x86.ActiveCfg = Release|Any CPU
		{85326AD0-78BC-4E9A-90E9-1651EEFC3023}.Debug|Any CPU.ActiveCfg = Debug|x86
		{85326AD0-78BC-4E9A-90E9-1651EEFC3023}.Debug|Mixed Platforms.ActiveCfg = Debug|x86
		{85326AD0-78BC-4E9A-90E9-1651EEFC3023}.Debug|Mixed Platforms.Build.0 = Debug|x86
		{85326AD0-78BC-4E9A-90E9-1651EEFC3023}.Debug|x86.ActiveCfg = Debug|x86
		{85326AD0-78BC-4E9A-90E9-1651EEFC3023}.Debug|x86.Build.0 = Debug|x86
		{85326AD0-78BC-4E9A-90E9-1651EEFC3023}.Release|Any CPU.ActiveCfg = Release|x86
		{85326AD0-78BC-4E9A-90E9-1651EEFC3023}.Release|Mixed Platforms.ActiveCfg = Release|x86
		{85326AD0-78BC-4E9A-90E9-1651EEFC3023}.Release|Mixed Platforms.Build.0 = Release|x86
		{85326AD0-78BC-4E9A-90E9-1651EEFC3023}.Release|x86.ActiveCfg = Release|x86
		{85326AD0-78BC-4E9A-90E9-1651EEFC3023}.Release|x86.Build.0 = Release|x86
		{60EEBEEA-36C5-49D9-A843-535045CCCA37}.Debug|Any CPU.ActiveCfg = Debug
		{60EEBEEA-36C5-49D9-A843-535045CCCA37}.Debug|Mixed Platforms.ActiveCfg = Debug
		{60EEBEEA-36C5-49D9-A843-535045CCCA37}.Debug|x86.ActiveCfg = Debug
		{60EEBEEA-36C5-49D9-A843-535045CCCA37}.Release|Any CPU.ActiveCfg = Release
		{60EEBEEA-36C5-49D9-A843-535045CCCA37}.Release|Mixed Platforms.ActiveCfg = Release
		{60EEBEEA-36C5-49D9-A843-535045CCCA37}.Release|x86.ActiveCfg = Release
		{66F5469A-B398-4051-ABF0-1AC07239CB8A}.Debug|Any CPU.ActiveCfg = Debug|Any CPU
		{66F5469A-B398-4051-ABF0-1AC07239CB8A}.Debug|Any CPU.Build.0 = Debug|Any CPU
		{66F5469A-B398-4051-ABF0-1AC07239CB8A}.Debug|Mixed Platforms.ActiveCfg = Debug|Any CPU
		{66F5469A-B398-4051-ABF0-1AC07239CB8A}.Debug|Mixed Platforms.Build.0 = Debug|Any CPU
		{66F5469A-B398-4051-ABF0-1AC07239CB8A}.Debug|x86.ActiveCfg = Debug|Any CPU
		{66F5469A-B398-4051-ABF0-1AC07239CB8A}.Release|Any CPU.ActiveCfg = Release|Any CPU
		{66F5469A-B398-4051-ABF0-1AC07239CB8A}.Release|Any CPU.Build.0 = Release|Any CPU
		{66F5469A-B398-4051-ABF0-1AC07239CB8A}.Release|Mixed Platforms.ActiveCfg = Release|Any CPU
		{66F5469A-B398-4051-ABF0-1AC07239CB8A}.Release|Mixed Platforms.Build.0 = Release|Any CPU
		{66F5469A-B398-4051-ABF0-1AC07239CB8A}.Release|x86.ActiveCfg = Release|Any CPU
		{02E7C39D-C195-452B-AA1D-B3324816F64A}.Debug|Any CPU.ActiveCfg = Debug|x86
		{02E7C39D-C195-452B-AA1D-B3324816F64A}.Debug|Mixed Platforms.ActiveCfg = Debug|x86
		{02E7C39D-C195-452B-AA1D-B3324816F64A}.Debug|Mixed Platforms.Build.0 = Debug|x86
		{02E7C39D-C195-452B-AA1D-B3324816F64A}.Debug|x86.ActiveCfg = Debug|x86
		{02E7C39D-C195-452B-AA1D-B3324816F64A}.Debug|x86.Build.0 = Debug|x86
		{02E7C39D-C195-452B-AA1D-B3324816F64A}.Release|Any CPU.ActiveCfg = Release|x86
		{02E7C39D-C195-452B-AA1D-B3324816F64A}.Release|Mixed Platforms.ActiveCfg = Release|x86
		{02E7C39D-C195-452B-AA1D-B3324816F64A}.Release|Mixed Platforms.Build.0 = Release|x86
		{02E7C39D-C195-452B-AA1D-B3324816F64A}.Release|x86.ActiveCfg = Release|x86
		{02E7C39D-C195-452B-AA1D-B3324816F64A}.Release|x86.Build.0 = Release|x86
		{AB680501-AC20-44FE-9B3B-E0C5DBFFEEDE}.Debug|Any CPU.ActiveCfg = Debug|x86
		{AB680501-AC20-44FE-9B3B-E0C5DBFFEEDE}.Debug|Mixed Platforms.ActiveCfg = Debug|x86
		{AB680501-AC20-44FE-9B3B-E0C5DBFFEEDE}.Debug|Mixed Platforms.Build.0 = Debug|x86
		{AB680501-AC20-44FE-9B3B-E0C5DBFFEEDE}.Debug|x86.ActiveCfg = Debug|x86
		{AB680501-AC20-44FE-9B3B-E0C5DBFFEEDE}.Debug|x86.Build.0 = Debug|x86
		{AB680501-AC20-44FE-9B3B-E0C5DBFFEEDE}.Release|Any CPU.ActiveCfg = Release|x86
		{AB680501-AC20-44FE-9B3B-E0C5DBFFEEDE}.Release|Mixed Platforms.ActiveCfg = Release|x86
		{AB680501-AC20-44FE-9B3B-E0C5DBFFEEDE}.Release|Mixed Platforms.Build.0 = Release|x86
		{AB680501-AC20-44FE-9B3B-E0C5DBFFEEDE}.Release|x86.ActiveCfg = Release|x86
		{AB680501-AC20-44FE-9B3B-E0C5DBFFEEDE}.Release|x86.Build.0 = Release|x86
		{80182675-EDA0-4CDF-B162-390690BAA88E}.Debug|Any CPU.ActiveCfg = Debug
		{80182675-EDA0-4CDF-B162-390690BAA88E}.Debug|Mixed Platforms.ActiveCfg = Debug
		{80182675-EDA0-4CDF-B162-390690BAA88E}.Debug|x86.ActiveCfg = Debug
		{80182675-EDA0-4CDF-B162-390690BAA88E}.Release|Any CPU.ActiveCfg = Release
		{80182675-EDA0-4CDF-B162-390690BAA88E}.Release|Mixed Platforms.ActiveCfg = Release
		{80182675-EDA0-4CDF-B162-390690BAA88E}.Release|x86.ActiveCfg = Release
	EndGlobalSection
	GlobalSection(SolutionProperties) = preSolution
		HideSolutionNode = FALSE
	EndGlobalSection
EndGlobal
